
Microsoft Visual Studio Solution File, Format Version 12.00
# Visual Studio Version 16
VisualStudioVersion = 16.0.30104.148
MinimumVisualStudioVersion = 10.0.40219.1
Project("{FAE04EC0-301F-11D3-BF4B-00C04F79EFBC}") = "ZokoCo.OpenSource.ContentManagementServices", "ZokoCo.OpenSource.ContentManagementServices\ZokoCo.OpenSource.ContentManagementServices.csproj", "{206C5C5A-699F-45B8-A60D-883ED538253E}"
EndProject
Global
	GlobalSection(SolutionConfigurationPlatforms) = preSolution
		Debug|Any CPU = Debug|Any CPU
		Release|Any CPU = Release|Any CPU
	EndGlobalSection
	GlobalSection(ProjectConfigurationPlatforms) = postSolution
		{206C5C5A-699F-45B8-A60D-883ED538253E}.Debug|Any CPU.ActiveCfg = Debug|Any CPU
		{206C5C5A-699F-45B8-A60D-883ED538253E}.Debug|Any CPU.Build.0 = Debug|Any CPU
		{206C5C5A-699F-45B8-A60D-883ED538253E}.Release|Any CPU.ActiveCfg = Release|Any CPU
		{206C5C5A-699F-45B8-A60D-883ED538253E}.Release|Any CPU.Build.0 = Release|Any CPU
	EndGlobalSection
	GlobalSection(SolutionProperties) = preSolution
		HideSolutionNode = FALSE
	EndGlobalSection
	GlobalSection(ExtensibilityGlobals) = postSolution
		SolutionGuid = {200C025F-71A4-4562-B715-1C639758047E}
	EndGlobalSection
EndGlobal
